
Microsoft Visual Studio Solution File, Format Version 12.00
# Visual Studio Version 16
VisualStudioVersion = 16.0.29424.173
MinimumVisualStudioVersion = 10.0.40219.1
Project("{9A19103F-16F7-4668-BE54-9A1E7A4F7556}") = "P01.Box", "..\01. Box\P01.Box.csproj", "{D1E477E3-ABF0-4580-A63B-D50D755E8551}"
EndProject
Project("{9A19103F-16F7-4668-BE54-9A1E7A4F7556}") = "P02.ArrayCreator", "..\P02.ArrayCreator\P02.ArrayCreator.csproj", "{326C0DDC-416B-45D0-8CDC-72641EBE290E}"
EndProject
Project("{FAE04EC0-301F-11D3-BF4B-00C04F79EFBC}") = "P03.GenericScale", "..\P03.GenericScale\P03.GenericScale.csproj", "{0703F39C-2F7F-4EE0-90E3-0DEDD238D6E9}"
EndProject
Global
	GlobalSection(SolutionConfigurationPlatforms) = preSolution
		Debug|Any CPU = Debug|Any CPU
		Release|Any CPU = Release|Any CPU
	EndGlobalSection
	GlobalSection(ProjectConfigurationPlatforms) = postSolution
		{D1E477E3-ABF0-4580-A63B-D50D755E8551}.Debug|Any CPU.ActiveCfg = Debug|Any CPU
		{D1E477E3-ABF0-4580-A63B-D50D755E8551}.Debug|Any CPU.Build.0 = Debug|Any CPU
		{D1E477E3-ABF0-4580-A63B-D50D755E8551}.Release|Any CPU.ActiveCfg = Release|Any CPU
		{D1E477E3-ABF0-4580-A63B-D50D755E8551}.Release|Any CPU.Build.0 = Release|Any CPU
		{326C0DDC-416B-45D0-8CDC-72641EBE290E}.Debug|Any CPU.ActiveCfg = Debug|Any CPU
		{326C0DDC-416B-45D0-8CDC-72641EBE290E}.Debug|Any CPU.Build.0 = Debug|Any CPU
		{326C0DDC-416B-45D0-8CDC-72641EBE290E}.Release|Any CPU.ActiveCfg = Release|Any CPU
		{326C0DDC-416B-45D0-8CDC-72641EBE290E}.Release|Any CPU.Build.0 = Release|Any CPU
		{0703F39C-2F7F-4EE0-90E3-0DEDD238D6E9}.Debug|Any CPU.ActiveCfg = Debug|Any CPU
		{0703F39C-2F7F-4EE0-90E3-0DEDD238D6E9}.Debug|Any CPU.Build.0 = Debug|Any CPU
		{0703F39C-2F7F-4EE0-90E3-0DEDD238D6E9}.Release|Any CPU.ActiveCfg = Release|Any CPU
		{0703F39C-2F7F-4EE0-90E3-0DEDD238D6E9}.Release|Any CPU.Build.0 = Release|Any CPU
	EndGlobalSection
	GlobalSection(SolutionProperties) = preSolution
		HideSolutionNode = FALSE
	EndGlobalSection
	GlobalSection(ExtensibilityGlobals) = postSolution
		SolutionGuid = {761DF20E-DC0D-4095-BE51-3EADD70EBECC}
	EndGlobalSection
EndGlobal
