
Microsoft Visual Studio Solution File, Format Version 12.00
# Visual Studio Version 16
VisualStudioVersion = 16.0.29424.173
MinimumVisualStudioVersion = 10.0.40219.1
Project("{FAE04EC0-301F-11D3-BF4B-00C04F79EFBC}") = "1. Car", "..\1. Car\1. Car.csproj", "{9D648E9F-9E89-4A87-97F2-1DFC671D748D}"
EndProject
Project("{FAE04EC0-301F-11D3-BF4B-00C04F79EFBC}") = "2. Car Extension", "..\2. Car Extension\2. Car Extension.csproj", "{641DF1DF-8A07-4E0E-A01B-EC5D3235C243}"
EndProject
Project("{FAE04EC0-301F-11D3-BF4B-00C04F79EFBC}") = "3. Car Constructors", "..\3. Car Constructors\3. Car Constructors.csproj", "{0E64C115-C147-425B-B97C-FA1436935EE4}"
EndProject
Project("{FAE04EC0-301F-11D3-BF4B-00C04F79EFBC}") = "4. Car Engine And Tires", "..\4. Car Engine And Tires\4. Car Engine And Tires.csproj", "{745230A0-3FF1-4061-AC2A-B918C8C0C2B8}"
EndProject
Project("{FAE04EC0-301F-11D3-BF4B-00C04F79EFBC}") = "5. Special Cars", "..\5. Special Cars\5. Special Cars.csproj", "{E8BA06E9-A13D-4B39-AD52-2F425DA6E6B3}"
EndProject
Global
	GlobalSection(SolutionConfigurationPlatforms) = preSolution
		Debug|Any CPU = Debug|Any CPU
		Release|Any CPU = Release|Any CPU
	EndGlobalSection
	GlobalSection(ProjectConfigurationPlatforms) = postSolution
		{9D648E9F-9E89-4A87-97F2-1DFC671D748D}.Debug|Any CPU.ActiveCfg = Debug|Any CPU
		{9D648E9F-9E89-4A87-97F2-1DFC671D748D}.Debug|Any CPU.Build.0 = Debug|Any CPU
		{9D648E9F-9E89-4A87-97F2-1DFC671D748D}.Release|Any CPU.ActiveCfg = Release|Any CPU
		{9D648E9F-9E89-4A87-97F2-1DFC671D748D}.Release|Any CPU.Build.0 = Release|Any CPU
		{641DF1DF-8A07-4E0E-A01B-EC5D3235C243}.Debug|Any CPU.ActiveCfg = Debug|Any CPU
		{641DF1DF-8A07-4E0E-A01B-EC5D3235C243}.Debug|Any CPU.Build.0 = Debug|Any CPU
		{641DF1DF-8A07-4E0E-A01B-EC5D3235C243}.Release|Any CPU.ActiveCfg = Release|Any CPU
		{641DF1DF-8A07-4E0E-A01B-EC5D3235C243}.Release|Any CPU.Build.0 = Release|Any CPU
		{0E64C115-C147-425B-B97C-FA1436935EE4}.Debug|Any CPU.ActiveCfg = Debug|Any CPU
		{0E64C115-C147-425B-B97C-FA1436935EE4}.Debug|Any CPU.Build.0 = Debug|Any CPU
		{0E64C115-C147-425B-B97C-FA1436935EE4}.Release|Any CPU.ActiveCfg = Release|Any CPU
		{0E64C115-C147-425B-B97C-FA1436935EE4}.Release|Any CPU.Build.0 = Release|Any CPU
		{745230A0-3FF1-4061-AC2A-B918C8C0C2B8}.Debug|Any CPU.ActiveCfg = Debug|Any CPU
		{745230A0-3FF1-4061-AC2A-B918C8C0C2B8}.Debug|Any CPU.Build.0 = Debug|Any CPU
		{745230A0-3FF1-4061-AC2A-B918C8C0C2B8}.Release|Any CPU.ActiveCfg = Release|Any CPU
		{745230A0-3FF1-4061-AC2A-B918C8C0C2B8}.Release|Any CPU.Build.0 = Release|Any CPU
		{E8BA06E9-A13D-4B39-AD52-2F425DA6E6B3}.Debug|Any CPU.ActiveCfg = Debug|Any CPU
		{E8BA06E9-A13D-4B39-AD52-2F425DA6E6B3}.Debug|Any CPU.Build.0 = Debug|Any CPU
		{E8BA06E9-A13D-4B39-AD52-2F425DA6E6B3}.Release|Any CPU.ActiveCfg = Release|Any CPU
		{E8BA06E9-A13D-4B39-AD52-2F425DA6E6B3}.Release|Any CPU.Build.0 = Release|Any CPU
	EndGlobalSection
	GlobalSection(SolutionProperties) = preSolution
		HideSolutionNode = FALSE
	EndGlobalSection
	GlobalSection(ExtensibilityGlobals) = postSolution
		SolutionGuid = {6EED3E13-C94E-44D1-8BF6-80FF0820CE79}
	EndGlobalSection
EndGlobal
